
Microsoft Visual Studio Solution File, Format Version 12.00
# Visual Studio Version 17
VisualStudioVersion = 17.14.36414.22 d17.14
MinimumVisualStudioVersion = 10.0.40219.1
Project("{FAE04EC0-301F-11D3-BF4B-00C04F79EFBC}") = "Jayati_7_October", "Jayati_7_October\Jayati_7_October.csproj", "{DBDCAA07-08E1-4779-BF64-EAC9710BDF39}"
EndProject
Global
	GlobalSection(SolutionConfigurationPlatforms) = preSolution
		Debug|Any CPU = Debug|Any CPU
		Release|Any CPU = Release|Any CPU
	EndGlobalSection
	GlobalSection(ProjectConfigurationPlatforms) = postSolution
		{DBDCAA07-08E1-4779-BF64-EAC9710BDF39}.Debug|Any CPU.ActiveCfg = Debug|Any CPU
		{DBDCAA07-08E1-4779-BF64-EAC9710BDF39}.Debug|Any CPU.Build.0 = Debug|Any CPU
		{DBDCAA07-08E1-4779-BF64-EAC9710BDF39}.Release|Any CPU.ActiveCfg = Release|Any CPU
		{DBDCAA07-08E1-4779-BF64-EAC9710BDF39}.Release|Any CPU.Build.0 = Release|Any CPU
	EndGlobalSection
	GlobalSection(SolutionProperties) = preSolution
		HideSolutionNode = FALSE
	EndGlobalSection
	GlobalSection(ExtensibilityGlobals) = postSolution
		SolutionGuid = {A1592912-382C-4614-93BB-9BB010EBD4CA}
	EndGlobalSection
EndGlobal
